
Microsoft Visual Studio Solution File, Format Version 12.00
# Visual Studio Version 16
VisualStudioVersion = 16.0.30611.23
MinimumVisualStudioVersion = 10.0.40219.1
Project("{FAE04EC0-301F-11D3-BF4B-00C04F79EFBC}") = "01-C", "01-C\01-C.csproj", "{82DDD079-6818-4436-9114-1D9CD91279BA}"
EndProject
Project("{FAE04EC0-301F-11D3-BF4B-00C04F79EFBC}") = "02", "02\02.csproj", "{9F86BDA1-855C-4B1B-BAAF-C724BEC70E4E}"
EndProject
Global
	GlobalSection(SolutionConfigurationPlatforms) = preSolution
		Debug|Any CPU = Debug|Any CPU
		Release|Any CPU = Release|Any CPU
	EndGlobalSection
	GlobalSection(ProjectConfigurationPlatforms) = postSolution
		{82DDD079-6818-4436-9114-1D9CD91279BA}.Debug|Any CPU.ActiveCfg = Debug|Any CPU
		{82DDD079-6818-4436-9114-1D9CD91279BA}.Debug|Any CPU.Build.0 = Debug|Any CPU
		{82DDD079-6818-4436-9114-1D9CD91279BA}.Release|Any CPU.ActiveCfg = Release|Any CPU
		{82DDD079-6818-4436-9114-1D9CD91279BA}.Release|Any CPU.Build.0 = Release|Any CPU
		{9F86BDA1-855C-4B1B-BAAF-C724BEC70E4E}.Debug|Any CPU.ActiveCfg = Debug|Any CPU
		{9F86BDA1-855C-4B1B-BAAF-C724BEC70E4E}.Debug|Any CPU.Build.0 = Debug|Any CPU
		{9F86BDA1-855C-4B1B-BAAF-C724BEC70E4E}.Release|Any CPU.ActiveCfg = Release|Any CPU
		{9F86BDA1-855C-4B1B-BAAF-C724BEC70E4E}.Release|Any CPU.Build.0 = Release|Any CPU
	EndGlobalSection
	GlobalSection(SolutionProperties) = preSolution
		HideSolutionNode = FALSE
	EndGlobalSection
	GlobalSection(ExtensibilityGlobals) = postSolution
		SolutionGuid = {63BD48F4-95E1-4AD8-AC05-90CB92469B9E}
	EndGlobalSection
EndGlobal
