
Microsoft Visual Studio Solution File, Format Version 12.00
# Visual Studio Version 16
VisualStudioVersion = 16.0.30611.23
MinimumVisualStudioVersion = 10.0.40219.1
Project("{9A19103F-16F7-4668-BE54-9A1E7A4F7556}") = "Dag01", "2020\Dag01\Dag01.csproj", "{9F86BDA1-855C-4B1B-BAAF-C724BEC70E4E}"
EndProject
Project("{9A19103F-16F7-4668-BE54-9A1E7A4F7556}") = "Day1A", "2019\Day1A\Day1A.csproj", "{68EE4522-0161-453D-8FB1-E5C6A98FD2A2}"
EndProject
Project("{2150E333-8FDC-42A3-9474-1A3956D46DE8}") = "2020", "2020", "{00E02A35-976A-4CD3-B29F-227568A20429}"
EndProject
Project("{2150E333-8FDC-42A3-9474-1A3956D46DE8}") = "2019", "2019", "{5214F1FC-774B-454C-A548-D201424D307E}"
EndProject
Project("{9A19103F-16F7-4668-BE54-9A1E7A4F7556}") = "Day2", "2019\Day2\Day2.csproj", "{9ABA7512-05D8-4460-831A-B883E025B30F}"
EndProject
Project("{9A19103F-16F7-4668-BE54-9A1E7A4F7556}") = "Dag02", "2020\Dag02\Dag02.csproj", "{10EE90C6-7999-4E98-95CF-28A31744C7F0}"
EndProject
Project("{9A19103F-16F7-4668-BE54-9A1E7A4F7556}") = "Dag03", "2020\Dag03\Dag03.csproj", "{19E9E353-5F82-4995-A34E-B9AA412E4498}"
EndProject
Project("{9A19103F-16F7-4668-BE54-9A1E7A4F7556}") = "Dag04", "2020\Dag04\Dag04.csproj", "{EF0BD0B9-116D-42E6-BF53-2F45F629BE46}"
EndProject
Project("{9A19103F-16F7-4668-BE54-9A1E7A4F7556}") = "Dag05", "2020\Dag05\Dag05.csproj", "{2746E72C-AAAA-4416-88E1-F7642C96B396}"
EndProject
Project("{9A19103F-16F7-4668-BE54-9A1E7A4F7556}") = "Dag06", "2020\Dag06\Dag06.csproj", "{EDC28179-5BFA-4C33-AEE3-ADBF7D49C54E}"
EndProject
Project("{9A19103F-16F7-4668-BE54-9A1E7A4F7556}") = "Dag07", "2020\Dag07\Dag07.csproj", "{72D34F67-4A13-4CFF-B7D6-55BD1B24475A}"
EndProject
Project("{9A19103F-16F7-4668-BE54-9A1E7A4F7556}") = "Dag04", "2019\Dag04\Dag04.csproj", "{22A066EB-1618-4391-9BBA-389479C48E2C}"
EndProject
Project("{9A19103F-16F7-4668-BE54-9A1E7A4F7556}") = "Dag08", "2020\Dag08\Dag08.csproj", "{72D34F67-4A13-4CFF-B7D6-55BD1B244EEE}"
EndProject
Project("{9A19103F-16F7-4668-BE54-9A1E7A4F7556}") = "Common", "Common\Common.csproj", "{097B848B-EF35-44F0-8027-E6BE3036B19B}"
EndProject
Project("{9A19103F-16F7-4668-BE54-9A1E7A4F7556}") = "Dag09", "2020\Dag09\Dag09.csproj", "{407142C2-670E-4F57-A3A6-3216F3D6F26C}"
EndProject
Project("{9A19103F-16F7-4668-BE54-9A1E7A4F7556}") = "Dag10", "2020\Dag10\Dag10.csproj", "{407142C2-670E-4F57-A3A6-3216F3D6FEEE}"
EndProject
Project("{9A19103F-16F7-4668-BE54-9A1E7A4F7556}") = "Dag11", "2020\Dag11\Dag11.csproj", "{A3F0DA9D-280B-4201-B2CD-5D485DE4E0A6}"
EndProject
Project("{9A19103F-16F7-4668-BE54-9A1E7A4F7556}") = "Dag12", "2020\Dag12\Dag12.csproj", "{C71C599A-4473-448F-B7CC-81549943B300}"
EndProject
Project("{9A19103F-16F7-4668-BE54-9A1E7A4F7556}") = "Dag13", "2020\Dag13\Dag13.csproj", "{DE18E2BF-0A0F-432F-BBDB-E63DFEBE3A08}"
EndProject
Global
	GlobalSection(SolutionConfigurationPlatforms) = preSolution
		Debug|Any CPU = Debug|Any CPU
		Release|Any CPU = Release|Any CPU
	EndGlobalSection
	GlobalSection(ProjectConfigurationPlatforms) = postSolution
		{9F86BDA1-855C-4B1B-BAAF-C724BEC70E4E}.Debug|Any CPU.ActiveCfg = Debug|Any CPU
		{9F86BDA1-855C-4B1B-BAAF-C724BEC70E4E}.Debug|Any CPU.Build.0 = Debug|Any CPU
		{9F86BDA1-855C-4B1B-BAAF-C724BEC70E4E}.Release|Any CPU.ActiveCfg = Release|Any CPU
		{9F86BDA1-855C-4B1B-BAAF-C724BEC70E4E}.Release|Any CPU.Build.0 = Release|Any CPU
		{68EE4522-0161-453D-8FB1-E5C6A98FD2A2}.Debug|Any CPU.ActiveCfg = Debug|Any CPU
		{68EE4522-0161-453D-8FB1-E5C6A98FD2A2}.Debug|Any CPU.Build.0 = Debug|Any CPU
		{68EE4522-0161-453D-8FB1-E5C6A98FD2A2}.Release|Any CPU.ActiveCfg = Release|Any CPU
		{68EE4522-0161-453D-8FB1-E5C6A98FD2A2}.Release|Any CPU.Build.0 = Release|Any CPU
		{9ABA7512-05D8-4460-831A-B883E025B30F}.Debug|Any CPU.ActiveCfg = Debug|Any CPU
		{9ABA7512-05D8-4460-831A-B883E025B30F}.Debug|Any CPU.Build.0 = Debug|Any CPU
		{9ABA7512-05D8-4460-831A-B883E025B30F}.Release|Any CPU.ActiveCfg = Release|Any CPU
		{9ABA7512-05D8-4460-831A-B883E025B30F}.Release|Any CPU.Build.0 = Release|Any CPU
		{10EE90C6-7999-4E98-95CF-28A31744C7F0}.Debug|Any CPU.ActiveCfg = Debug|Any CPU
		{10EE90C6-7999-4E98-95CF-28A31744C7F0}.Debug|Any CPU.Build.0 = Debug|Any CPU
		{10EE90C6-7999-4E98-95CF-28A31744C7F0}.Release|Any CPU.ActiveCfg = Release|Any CPU
		{10EE90C6-7999-4E98-95CF-28A31744C7F0}.Release|Any CPU.Build.0 = Release|Any CPU
		{19E9E353-5F82-4995-A34E-B9AA412E4498}.Debug|Any CPU.ActiveCfg = Debug|Any CPU
		{19E9E353-5F82-4995-A34E-B9AA412E4498}.Debug|Any CPU.Build.0 = Debug|Any CPU
		{19E9E353-5F82-4995-A34E-B9AA412E4498}.Release|Any CPU.ActiveCfg = Release|Any CPU
		{19E9E353-5F82-4995-A34E-B9AA412E4498}.Release|Any CPU.Build.0 = Release|Any CPU
		{EF0BD0B9-116D-42E6-BF53-2F45F629BE46}.Debug|Any CPU.ActiveCfg = Debug|Any CPU
		{EF0BD0B9-116D-42E6-BF53-2F45F629BE46}.Debug|Any CPU.Build.0 = Debug|Any CPU
		{EF0BD0B9-116D-42E6-BF53-2F45F629BE46}.Release|Any CPU.ActiveCfg = Release|Any CPU
		{EF0BD0B9-116D-42E6-BF53-2F45F629BE46}.Release|Any CPU.Build.0 = Release|Any CPU
		{2746E72C-AAAA-4416-88E1-F7642C96B396}.Debug|Any CPU.ActiveCfg = Debug|Any CPU
		{2746E72C-AAAA-4416-88E1-F7642C96B396}.Debug|Any CPU.Build.0 = Debug|Any CPU
		{2746E72C-AAAA-4416-88E1-F7642C96B396}.Release|Any CPU.ActiveCfg = Release|Any CPU
		{2746E72C-AAAA-4416-88E1-F7642C96B396}.Release|Any CPU.Build.0 = Release|Any CPU
		{EDC28179-5BFA-4C33-AEE3-ADBF7D49C54E}.Debug|Any CPU.ActiveCfg = Debug|Any CPU
		{EDC28179-5BFA-4C33-AEE3-ADBF7D49C54E}.Debug|Any CPU.Build.0 = Debug|Any CPU
		{EDC28179-5BFA-4C33-AEE3-ADBF7D49C54E}.Release|Any CPU.ActiveCfg = Release|Any CPU
		{EDC28179-5BFA-4C33-AEE3-ADBF7D49C54E}.Release|Any CPU.Build.0 = Release|Any CPU
		{72D34F67-4A13-4CFF-B7D6-55BD1B24475A}.Debug|Any CPU.ActiveCfg = Debug|Any CPU
		{72D34F67-4A13-4CFF-B7D6-55BD1B24475A}.Debug|Any CPU.Build.0 = Debug|Any CPU
		{72D34F67-4A13-4CFF-B7D6-55BD1B24475A}.Release|Any CPU.ActiveCfg = Release|Any CPU
		{72D34F67-4A13-4CFF-B7D6-55BD1B24475A}.Release|Any CPU.Build.0 = Release|Any CPU
		{22A066EB-1618-4391-9BBA-389479C48E2C}.Debug|Any CPU.ActiveCfg = Debug|Any CPU
		{22A066EB-1618-4391-9BBA-389479C48E2C}.Debug|Any CPU.Build.0 = Debug|Any CPU
		{22A066EB-1618-4391-9BBA-389479C48E2C}.Release|Any CPU.ActiveCfg = Release|Any CPU
		{22A066EB-1618-4391-9BBA-389479C48E2C}.Release|Any CPU.Build.0 = Release|Any CPU
		{72D34F67-4A13-4CFF-B7D6-55BD1B244EEE}.Debug|Any CPU.ActiveCfg = Debug|Any CPU
		{72D34F67-4A13-4CFF-B7D6-55BD1B244EEE}.Debug|Any CPU.Build.0 = Debug|Any CPU
		{72D34F67-4A13-4CFF-B7D6-55BD1B244EEE}.Release|Any CPU.ActiveCfg = Release|Any CPU
		{72D34F67-4A13-4CFF-B7D6-55BD1B244EEE}.Release|Any CPU.Build.0 = Release|Any CPU
		{097B848B-EF35-44F0-8027-E6BE3036B19B}.Debug|Any CPU.ActiveCfg = Debug|Any CPU
		{097B848B-EF35-44F0-8027-E6BE3036B19B}.Debug|Any CPU.Build.0 = Debug|Any CPU
		{097B848B-EF35-44F0-8027-E6BE3036B19B}.Release|Any CPU.ActiveCfg = Release|Any CPU
		{097B848B-EF35-44F0-8027-E6BE3036B19B}.Release|Any CPU.Build.0 = Release|Any CPU
		{407142C2-670E-4F57-A3A6-3216F3D6F26C}.Debug|Any CPU.ActiveCfg = Debug|Any CPU
		{407142C2-670E-4F57-A3A6-3216F3D6F26C}.Debug|Any CPU.Build.0 = Debug|Any CPU
		{407142C2-670E-4F57-A3A6-3216F3D6F26C}.Release|Any CPU.ActiveCfg = Release|Any CPU
		{407142C2-670E-4F57-A3A6-3216F3D6F26C}.Release|Any CPU.Build.0 = Release|Any CPU
		{407142C2-670E-4F57-A3A6-3216F3D6FEEE}.Debug|Any CPU.ActiveCfg = Debug|Any CPU
		{407142C2-670E-4F57-A3A6-3216F3D6FEEE}.Debug|Any CPU.Build.0 = Debug|Any CPU
		{407142C2-670E-4F57-A3A6-3216F3D6FEEE}.Release|Any CPU.ActiveCfg = Release|Any CPU
		{407142C2-670E-4F57-A3A6-3216F3D6FEEE}.Release|Any CPU.Build.0 = Release|Any CPU
		{A3F0DA9D-280B-4201-B2CD-5D485DE4E0A6}.Debug|Any CPU.ActiveCfg = Debug|Any CPU
		{A3F0DA9D-280B-4201-B2CD-5D485DE4E0A6}.Debug|Any CPU.Build.0 = Debug|Any CPU
		{A3F0DA9D-280B-4201-B2CD-5D485DE4E0A6}.Release|Any CPU.ActiveCfg = Release|Any CPU
		{A3F0DA9D-280B-4201-B2CD-5D485DE4E0A6}.Release|Any CPU.Build.0 = Release|Any CPU
		{C71C599A-4473-448F-B7CC-81549943B300}.Debug|Any CPU.ActiveCfg = Debug|Any CPU
		{C71C599A-4473-448F-B7CC-81549943B300}.Debug|Any CPU.Build.0 = Debug|Any CPU
		{C71C599A-4473-448F-B7CC-81549943B300}.Release|Any CPU.ActiveCfg = Release|Any CPU
		{C71C599A-4473-448F-B7CC-81549943B300}.Release|Any CPU.Build.0 = Release|Any CPU
		{DE18E2BF-0A0F-432F-BBDB-E63DFEBE3A08}.Debug|Any CPU.ActiveCfg = Debug|Any CPU
		{DE18E2BF-0A0F-432F-BBDB-E63DFEBE3A08}.Debug|Any CPU.Build.0 = Debug|Any CPU
		{DE18E2BF-0A0F-432F-BBDB-E63DFEBE3A08}.Release|Any CPU.ActiveCfg = Release|Any CPU
		{DE18E2BF-0A0F-432F-BBDB-E63DFEBE3A08}.Release|Any CPU.Build.0 = Release|Any CPU
	EndGlobalSection
	GlobalSection(SolutionProperties) = preSolution
		HideSolutionNode = FALSE
	EndGlobalSection
	GlobalSection(NestedProjects) = preSolution
		{9F86BDA1-855C-4B1B-BAAF-C724BEC70E4E} = {00E02A35-976A-4CD3-B29F-227568A20429}
		{68EE4522-0161-453D-8FB1-E5C6A98FD2A2} = {5214F1FC-774B-454C-A548-D201424D307E}
		{9ABA7512-05D8-4460-831A-B883E025B30F} = {5214F1FC-774B-454C-A548-D201424D307E}
		{10EE90C6-7999-4E98-95CF-28A31744C7F0} = {00E02A35-976A-4CD3-B29F-227568A20429}
		{19E9E353-5F82-4995-A34E-B9AA412E4498} = {00E02A35-976A-4CD3-B29F-227568A20429}
		{EF0BD0B9-116D-42E6-BF53-2F45F629BE46} = {00E02A35-976A-4CD3-B29F-227568A20429}
		{2746E72C-AAAA-4416-88E1-F7642C96B396} = {00E02A35-976A-4CD3-B29F-227568A20429}
		{EDC28179-5BFA-4C33-AEE3-ADBF7D49C54E} = {00E02A35-976A-4CD3-B29F-227568A20429}
		{72D34F67-4A13-4CFF-B7D6-55BD1B24475A} = {00E02A35-976A-4CD3-B29F-227568A20429}
		{22A066EB-1618-4391-9BBA-389479C48E2C} = {5214F1FC-774B-454C-A548-D201424D307E}
		{72D34F67-4A13-4CFF-B7D6-55BD1B244EEE} = {00E02A35-976A-4CD3-B29F-227568A20429}
		{407142C2-670E-4F57-A3A6-3216F3D6F26C} = {00E02A35-976A-4CD3-B29F-227568A20429}
		{407142C2-670E-4F57-A3A6-3216F3D6FEEE} = {00E02A35-976A-4CD3-B29F-227568A20429}
		{A3F0DA9D-280B-4201-B2CD-5D485DE4E0A6} = {00E02A35-976A-4CD3-B29F-227568A20429}
		{C71C599A-4473-448F-B7CC-81549943B300} = {00E02A35-976A-4CD3-B29F-227568A20429}
		{DE18E2BF-0A0F-432F-BBDB-E63DFEBE3A08} = {00E02A35-976A-4CD3-B29F-227568A20429}
	EndGlobalSection
	GlobalSection(ExtensibilityGlobals) = postSolution
		SolutionGuid = {63BD48F4-95E1-4AD8-AC05-90CB92469B9E}
	EndGlobalSection
EndGlobal
